
Microsoft Visual Studio Solution File, Format Version 12.00
# Visual Studio Version 17
VisualStudioVersion = 17.4.33205.214
MinimumVisualStudioVersion = 10.0.40219.1
Project("{9A19103F-16F7-4668-BE54-9A1E7A4F7556}") = "Web", "Web\Web.csproj", "{6024228C-E8AB-4F90-B24C-EF3992BE2FC1}"
EndProject
Project("{9A19103F-16F7-4668-BE54-9A1E7A4F7556}") = "Data", "Data\Data.csproj", "{AE422B69-559E-40F6-A980-BBAFF1D7A6C0}"
EndProject
Global
	GlobalSection(SolutionConfigurationPlatforms) = preSolution
		Debug|Any CPU = Debug|Any CPU
		Release|Any CPU = Release|Any CPU
	EndGlobalSection
	GlobalSection(ProjectConfigurationPlatforms) = postSolution
		{6024228C-E8AB-4F90-B24C-EF3992BE2FC1}.Debug|Any CPU.ActiveCfg = Debug|Any CPU
		{6024228C-E8AB-4F90-B24C-EF3992BE2FC1}.Debug|Any CPU.Build.0 = Debug|Any CPU
		{6024228C-E8AB-4F90-B24C-EF3992BE2FC1}.Release|Any CPU.ActiveCfg = Release|Any CPU
		{6024228C-E8AB-4F90-B24C-EF3992BE2FC1}.Release|Any CPU.Build.0 = Release|Any CPU
		{AE422B69-559E-40F6-A980-BBAFF1D7A6C0}.Debug|Any CPU.ActiveCfg = Debug|Any CPU
		{AE422B69-559E-40F6-A980-BBAFF1D7A6C0}.Debug|Any CPU.Build.0 = Debug|Any CPU
		{AE422B69-559E-40F6-A980-BBAFF1D7A6C0}.Release|Any CPU.ActiveCfg = Release|Any CPU
		{AE422B69-559E-40F6-A980-BBAFF1D7A6C0}.Release|Any CPU.Build.0 = Release|Any CPU
	EndGlobalSection
	GlobalSection(SolutionProperties) = preSolution
		HideSolutionNode = FALSE
	EndGlobalSection
	GlobalSection(ExtensibilityGlobals) = postSolution
		SolutionGuid = {6DD92587-B263-4EC3-A47A-EF685FC9B70A}
	EndGlobalSection
EndGlobal
